
Microsoft Visual Studio Solution File, Format Version 12.00
# Visual Studio Express 14 for Web
VisualStudioVersion = 14.0.24720.0
MinimumVisualStudioVersion = 10.0.40219.1
Project("{FAE04EC0-301F-11D3-BF4B-00C04F79EFBC}") = "Profile.Web", "Profile.Web\Profile.Web.csproj", "{367BA7A7-7157-4E55-8B4A-846CF286C29A}"
EndProject
Global
	GlobalSection(SolutionConfigurationPlatforms) = preSolution
		Debug|Any CPU = Debug|Any CPU
		Release|Any CPU = Release|Any CPU
	EndGlobalSection
	GlobalSection(ProjectConfigurationPlatforms) = postSolution
		{367BA7A7-7157-4E55-8B4A-846CF286C29A}.Debug|Any CPU.ActiveCfg = Debug|Any CPU
		{367BA7A7-7157-4E55-8B4A-846CF286C29A}.Debug|Any CPU.Build.0 = Debug|Any CPU
		{367BA7A7-7157-4E55-8B4A-846CF286C29A}.Release|Any CPU.ActiveCfg = Release|Any CPU
		{367BA7A7-7157-4E55-8B4A-846CF286C29A}.Release|Any CPU.Build.0 = Release|Any CPU
	EndGlobalSection
	GlobalSection(SolutionProperties) = preSolution
		HideSolutionNode = FALSE
	EndGlobalSection
EndGlobal
